
Microsoft Visual Studio Solution File, Format Version 12.00
# Visual Studio Version 17
VisualStudioVersion = 17.7.34202.233
MinimumVisualStudioVersion = 10.0.40219.1
Project("{FAE04EC0-301F-11D3-BF4B-00C04F79EFBC}") = "tuto-github", "tuto-github.csproj", "{449D6AB7-ECB2-47D2-AC1B-45B6FA55418A}"
EndProject
Global
	GlobalSection(SolutionConfigurationPlatforms) = preSolution
		Debug|Any CPU = Debug|Any CPU
		Release|Any CPU = Release|Any CPU
	EndGlobalSection
	GlobalSection(ProjectConfigurationPlatforms) = postSolution
		{449D6AB7-ECB2-47D2-AC1B-45B6FA55418A}.Debug|Any CPU.ActiveCfg = Debug|Any CPU
		{449D6AB7-ECB2-47D2-AC1B-45B6FA55418A}.Debug|Any CPU.Build.0 = Debug|Any CPU
		{449D6AB7-ECB2-47D2-AC1B-45B6FA55418A}.Release|Any CPU.ActiveCfg = Release|Any CPU
		{449D6AB7-ECB2-47D2-AC1B-45B6FA55418A}.Release|Any CPU.Build.0 = Release|Any CPU
	EndGlobalSection
	GlobalSection(SolutionProperties) = preSolution
		HideSolutionNode = FALSE
	EndGlobalSection
	GlobalSection(ExtensibilityGlobals) = postSolution
		SolutionGuid = {8AF72B82-086E-43AE-8D52-FA015D60A239}
	EndGlobalSection
EndGlobal
